PATH
  remote: .
  specs:
    pdfunite (0.7.0)
      logger

GEM
  remote: https://rubygems.org/
  specs:
    cgi (0.5.1)
    docile (1.4.1)
    logger (1.7.0)
    minitest (6.0.1)
      prism (~> 1.5)
    prism (1.9.0)
    rake (13.3.1)
    simplecov (0.22.0)
      docile (~> 1.1)
      simplecov-html (~> 0.11)
      simplecov_json_formatter (~> 0.1)
    simplecov-html (0.13.2)
    simplecov_json_formatter (0.1.4)

PLATFORMS
  ruby
  x86_64-darwin-18

DEPENDENCIES
  cgi
  minitest
  pdfunite!
  rake
  simplecov
